github.com/joho/godotenv v1.5.1 h1:7eLL/+HRGLY0ldzfGMeQkb7vMd0as4CfYvUVzLqw0N0=
github.com/joho/godotenv v1.5.1/go.mod h1:f4LDr5Voq0i2e/R5DDNOoa2zzDfwtkZa6DnEwAbqwq4=
github.com/kvolis/tesgode v0.0.0-20250926101756-0b7eaefba2fc h1:cLj8wIRxej1+Yy5JBaWgn0DoGq77NltdXLKbij6wNRs=
github.com/kvolis/tesgode v0.0.0-20250926101756-0b7eaefba2fc/go.mod h1:iJgR6RFVzwX6qNtYTZ+uIZB/8/KC6ACqxwGgJa3zu/s=
